{
  "version": 4,
  "terraform_version": "1.12.2",
  "serial": 76,
  "lineage": "fcd7303c-fc40-5f13-00c5-c41d53cbc755",
  "outputs": {},
  "resources": [
    {
      "module": "module.bambi",
      "mode": "data",
      "type": "keycloak_openid_client",
      "name": "realm_management",
      "provider": "provider[\"registry.terraform.io/keycloak/keycloak\"]",
      "instances": [
        {
          "schema_version": 0,
          "attributes": {
            "access_token_lifespan": "",
            "access_type": "BEARER-ONLY",
            "admin_url": "",
            "allow_refresh_token_in_standard_token_exchange": "",
            "always_display_in_console": false,
            "authentication_flow_binding_overrides": [],
            "authorization": [],
            "backchannel_logout_revoke_offline_sessions": false,
            "backchannel_logout_session_required": false,
            "backchannel_logout_url": "",
            "base_url": "",
            "client_authenticator_type": "client-secret",
            "client_id": "realm-management",
            "client_offline_session_idle_timeout": "",
            "client_offline_session_max_lifespan": "",
            "client_secret": "",
            "client_session_idle_timeout": "",
            "client_session_max_lifespan": "",
            "consent_required": false,
            "consent_screen_text": "",
            "description": "",
            "direct_access_grants_enabled": false,
            "display_on_consent_screen": false,
            "enabled": true,
            "exclude_issuer_from_auth_response": null,
            "exclude_session_state_from_auth_response": null,
            "extra_config": {
              "realm_client": "true"
            },
            "frontchannel_logout_enabled": false,
            "frontchannel_logout_url": "",
            "full_scope_allowed": false,
            "id": "2081d47a-3129-40bf-86d0-e12cf13cf445",
            "implicit_flow_enabled": false,
            "login_theme": "",
            "name": "${client_realm-management}",
            "oauth2_device_authorization_grant_enabled": false,
            "oauth2_device_code_lifespan": "",
            "oauth2_device_polling_interval": "",
            "pkce_code_challenge_method": null,
            "realm_id": "bambi",
            "resource_server_id": null,
            "root_url": "",
            "service_account_user_id": "",
            "service_accounts_enabled": false,
            "standard_flow_enabled": true,
            "standard_token_exchange_enabled": false,
            "use_refresh_tokens": false,
            "use_refresh_tokens_client_credentials": false,
            "valid_post_logout_redirect_uris": [],
            "valid_redirect_uris": [],
            "web_origins": []
          },
          "sensitive_attributes": [
            [
              {
                "type": "get_attr",
                "value": "client_secret"
              }
            ]
          ],
          "identity_schema_version": 0
        }
      ]
    },
    {
      "module": "module.bambi",
      "mode": "data",
      "type": "keycloak_role",
      "name": "default_roles_bambi",
      "provider": "provider[\"registry.terraform.io/keycloak/keycloak\"]",
      "instances": [
        {
          "schema_version": 0,
          "attributes": {
            "attributes": {},
            "client_id": "",
            "composite_roles": [],
            "description": "${role_default-roles}",
            "id": "2629dc47-2365-4082-9b49-42a6fbf066c5",
            "name": "default-roles-bambi",
            "realm_id": "bambi"
          },
          "sensitive_attributes": [],
          "identity_schema_version": 0
        }
      ]
    },
    {
      "module": "module.bambi",
      "mode": "data",
      "type": "keycloak_role",
      "name": "realm_admin",
      "provider": "provider[\"registry.terraform.io/keycloak/keycloak\"]",
      "instances": [
        {
          "schema_version": 0,
          "attributes": {
            "attributes": {},
            "client_id": "2081d47a-3129-40bf-86d0-e12cf13cf445",
            "composite_roles": [],
            "description": "${role_realm-admin}",
            "id": "0e5a0bcf-331a-4971-b03a-189a16dab526",
            "name": "realm-admin",
            "realm_id": "bambi"
          },
          "sensitive_attributes": [],
          "identity_schema_version": 0
        }
      ]
    },
    {
      "module": "module.bambi",
      "mode": "managed",
      "type": "keycloak_role",
      "name": "admin",
      "provider": "provider[\"registry.terraform.io/keycloak/keycloak\"]",
      "instances": [
        {
          "schema_version": 0,
          "attributes": {
            "attributes": {},
            "client_id": "",
            "composite_roles": [],
            "description": "",
            "id": "f5f28eb5-3f21-45ee-a4af-d4c92f0dcaf1",
            "import": false,
            "name": "ADMIN",
            "realm_id": "bambi"
          },
          "sensitive_attributes": [],
          "identity_schema_version": 0,
          "private": "bnVsbA==",
          "dependencies": [
            "module.bambi.module.bambi_realm.keycloak_realm.this"
          ]
        }
      ]
    },
    {
      "module": "module.bambi",
      "mode": "managed",
      "type": "keycloak_role",
      "name": "supplier",
      "provider": "provider[\"registry.terraform.io/keycloak/keycloak\"]",
      "instances": [
        {
          "schema_version": 0,
          "attributes": {
            "attributes": {},
            "client_id": "",
            "composite_roles": [],
            "description": "",
            "id": "af19a03b-a8ae-415c-8a68-b11334c43d31",
            "import": false,
            "name": "SUPPLIER",
            "realm_id": "bambi"
          },
          "sensitive_attributes": [],
          "identity_schema_version": 0,
          "private": "bnVsbA==",
          "dependencies": [
            "module.bambi.module.bambi_realm.keycloak_realm.this"
          ]
        }
      ]
    },
    {
      "module": "module.bambi",
      "mode": "managed",
      "type": "keycloak_role",
      "name": "user",
      "provider": "provider[\"registry.terraform.io/keycloak/keycloak\"]",
      "instances": [
        {
          "schema_version": 0,
          "attributes": {
            "attributes": {},
            "client_id": "",
            "composite_roles": [],
            "description": "",
            "id": "725a058a-4495-4544-8593-eff432bb3292",
            "import": false,
            "name": "USER",
            "realm_id": "bambi"
          },
          "sensitive_attributes": [],
          "identity_schema_version": 0,
          "private": "bnVsbA==",
          "dependencies": [
            "module.bambi.module.bambi_realm.keycloak_realm.this"
          ]
        }
      ]
    },
    {
      "module": "module.bambi",
      "mode": "managed",
      "type": "keycloak_user",
      "name": "e_bambi_admin",
      "provider": "provider[\"registry.terraform.io/keycloak/keycloak\"]",
      "instances": [
        {
          "schema_version": 0,
          "attributes": {
            "attributes": {},
            "email": "e-bambi-admin@your-domain.com",
            "email_verified": false,
            "enabled": true,
            "federated_identity": [],
            "first_name": "Bambi",
            "id": "c73f8f7f-4917-4104-b01d-3f5b66bc55ee",
            "import": false,
            "initial_password": [
              {
                "temporary": false,
                "value": "admin!1Aadmin!1A"
              }
            ],
            "last_name": "Administrator",
            "realm_id": "bambi",
            "required_actions": [],
            "username": "e-bambi-admin"
          },
          "sensitive_attributes": [
            [
              {
                "type": "get_attr",
                "value": "initial_password"
              },
              {
                "type": "index",
                "value": {
                  "value": 0,
                  "type": "number"
                }
              },
              {
                "type": "get_attr",
                "value": "value"
              }
            ]
          ],
          "identity_schema_version": 0,
          "private": "bnVsbA==",
          "dependencies": [
            "module.bambi.module.bambi_realm.keycloak_realm.this"
          ]
        }
      ]
    },
    {
      "module": "module.bambi",
      "mode": "managed",
      "type": "keycloak_user",
      "name": "e_bambi_supplier",
      "provider": "provider[\"registry.terraform.io/keycloak/keycloak\"]",
      "instances": [
        {
          "schema_version": 0,
          "attributes": {
            "attributes": {},
            "email": "e-bambi-supplier@your-domain.com",
            "email_verified": false,
            "enabled": true,
            "federated_identity": [],
            "first_name": "Bambi",
            "id": "aa37b820-10c3-407f-a1a6-fa66f26a9014",
            "import": false,
            "initial_password": [
              {
                "temporary": false,
                "value": "suppliera!1Aadmin!1A"
              }
            ],
            "last_name": "Supplier",
            "realm_id": "bambi",
            "required_actions": [],
            "username": "e-bambi-supplier"
          },
          "sensitive_attributes": [
            [
              {
                "type": "get_attr",
                "value": "initial_password"
              },
              {
                "type": "index",
                "value": {
                  "value": 0,
                  "type": "number"
                }
              },
              {
                "type": "get_attr",
                "value": "value"
              }
            ]
          ],
          "identity_schema_version": 0,
          "private": "bnVsbA==",
          "dependencies": [
            "module.bambi.module.bambi_realm.keycloak_realm.this"
          ]
        }
      ]
    },
    {
      "module": "module.bambi",
      "mode": "managed",
      "type": "keycloak_user",
      "name": "e_bambi_user",
      "provider": "provider[\"registry.terraform.io/keycloak/keycloak\"]",
      "instances": [
        {
          "schema_version": 0,
          "attributes": {
            "attributes": {},
            "email": "e-bambi-user@your-domain.com",
            "email_verified": false,
            "enabled": true,
            "federated_identity": [],
            "first_name": "User",
            "id": "2dc5a27b-7b6d-4bca-988c-cb1de974a71f",
            "import": false,
            "initial_password": [
              {
                "temporary": false,
                "value": "usera!1Aadmin!1A"
              }
            ],
            "last_name": "Bambi",
            "realm_id": "bambi",
            "required_actions": [],
            "username": "e-bambi-user"
          },
          "sensitive_attributes": [
            [
              {
                "type": "get_attr",
                "value": "initial_password"
              },
              {
                "type": "index",
                "value": {
                  "value": 0,
                  "type": "number"
                }
              },
              {
                "type": "get_attr",
                "value": "value"
              }
            ]
          ],
          "identity_schema_version": 0,
          "private": "bnVsbA==",
          "dependencies": [
            "module.bambi.module.bambi_realm.keycloak_realm.this"
          ]
        }
      ]
    },
    {
      "module": "module.bambi",
      "mode": "managed",
      "type": "keycloak_user",
      "name": "realm_admin",
      "provider": "provider[\"registry.terraform.io/keycloak/keycloak\"]",
      "instances": [
        {
          "schema_version": 0,
          "attributes": {
            "attributes": {},
            "email": "realm-admin@your-domain.com",
            "email_verified": false,
            "enabled": true,
            "federated_identity": [],
            "first_name": "Realm",
            "id": "b6e29ad0-7f06-44ad-82b1-292ee4be6731",
            "import": false,
            "initial_password": [
              {
                "temporary": false,
                "value": "admin!1Aadmin!1A"
              }
            ],
            "last_name": "Administrator",
            "realm_id": "bambi",
            "required_actions": [],
            "username": "realm-admin"
          },
          "sensitive_attributes": [
            [
              {
                "type": "get_attr",
                "value": "initial_password"
              },
              {
                "type": "index",
                "value": {
                  "value": 0,
                  "type": "number"
                }
              },
              {
                "type": "get_attr",
                "value": "value"
              }
            ]
          ],
          "identity_schema_version": 0,
          "private": "bnVsbA==",
          "dependencies": [
            "module.bambi.module.bambi_realm.keycloak_realm.this"
          ]
        }
      ]
    },
    {
      "module": "module.bambi",
      "mode": "managed",
      "type": "keycloak_user_roles",
      "name": "admin_roles",
      "provider": "provider[\"registry.terraform.io/keycloak/keycloak\"]",
      "instances": [
        {
          "schema_version": 0,
          "attributes": {
            "exhaustive": true,
            "id": "bambi/c73f8f7f-4917-4104-b01d-3f5b66bc55ee",
            "realm_id": "bambi",
            "role_ids": [
              "f5f28eb5-3f21-45ee-a4af-d4c92f0dcaf1"
            ],
            "user_id": "c73f8f7f-4917-4104-b01d-3f5b66bc55ee"
          },
          "sensitive_attributes": [],
          "identity_schema_version": 0,
          "private": "bnVsbA==",
          "dependencies": [
            "module.bambi.keycloak_role.admin",
            "module.bambi.keycloak_user.e_bambi_admin",
            "module.bambi.module.bambi_realm.keycloak_realm.this"
          ]
        }
      ]
    },
    {
      "module": "module.bambi",
      "mode": "managed",
      "type": "keycloak_user_roles",
      "name": "realm_admin_roles",
      "provider": "provider[\"registry.terraform.io/keycloak/keycloak\"]",
      "instances": [
        {
          "schema_version": 0,
          "attributes": {
            "exhaustive": true,
            "id": "bambi/b6e29ad0-7f06-44ad-82b1-292ee4be6731",
            "realm_id": "bambi",
            "role_ids": [
              "0e5a0bcf-331a-4971-b03a-189a16dab526",
              "2629dc47-2365-4082-9b49-42a6fbf066c5"
            ],
            "user_id": "b6e29ad0-7f06-44ad-82b1-292ee4be6731"
          },
          "sensitive_attributes": [],
          "identity_schema_version": 0,
          "private": "bnVsbA==",
          "dependencies": [
            "module.bambi.data.keycloak_openid_client.realm_management",
            "module.bambi.data.keycloak_role.default_roles_bambi",
            "module.bambi.data.keycloak_role.realm_admin",
            "module.bambi.keycloak_user.realm_admin",
            "module.bambi.module.bambi_realm.keycloak_realm.this"
          ]
        }
      ]
    },
    {
      "module": "module.bambi",
      "mode": "managed",
      "type": "keycloak_user_roles",
      "name": "supplier_roles",
      "provider": "provider[\"registry.terraform.io/keycloak/keycloak\"]",
      "instances": [
        {
          "schema_version": 0,
          "attributes": {
            "exhaustive": true,
            "id": "bambi/aa37b820-10c3-407f-a1a6-fa66f26a9014",
            "realm_id": "bambi",
            "role_ids": [
              "af19a03b-a8ae-415c-8a68-b11334c43d31"
            ],
            "user_id": "aa37b820-10c3-407f-a1a6-fa66f26a9014"
          },
          "sensitive_attributes": [],
          "identity_schema_version": 0,
          "private": "bnVsbA==",
          "dependencies": [
            "module.bambi.keycloak_role.supplier",
            "module.bambi.keycloak_user.e_bambi_supplier",
            "module.bambi.module.bambi_realm.keycloak_realm.this"
          ]
        }
      ]
    },
    {
      "module": "module.bambi",
      "mode": "managed",
      "type": "keycloak_user_roles",
      "name": "user_roles",
      "provider": "provider[\"registry.terraform.io/keycloak/keycloak\"]",
      "instances": [
        {
          "schema_version": 0,
          "attributes": {
            "exhaustive": true,
            "id": "bambi/2dc5a27b-7b6d-4bca-988c-cb1de974a71f",
            "realm_id": "bambi",
            "role_ids": [
              "725a058a-4495-4544-8593-eff432bb3292"
            ],
            "user_id": "2dc5a27b-7b6d-4bca-988c-cb1de974a71f"
          },
          "sensitive_attributes": [],
          "identity_schema_version": 0,
          "private": "bnVsbA==",
          "dependencies": [
            "module.bambi.keycloak_role.user",
            "module.bambi.keycloak_user.e_bambi_user",
            "module.bambi.module.bambi_realm.keycloak_realm.this"
          ]
        }
      ]
    },
    {
      "module": "module.bambi.module.bambi_realm",
      "mode": "managed",
      "type": "keycloak_realm",
      "name": "this",
      "provider": "provider[\"registry.terraform.io/keycloak/keycloak\"]",
      "instances": [
        {
          "schema_version": 0,
          "attributes": {
            "access_code_lifespan": "1m0s",
            "access_code_lifespan_login": "30m0s",
            "access_code_lifespan_user_action": "5m0s",
            "access_token_lifespan": "5m0s",
            "access_token_lifespan_for_implicit_flow": "15m0s",
            "account_theme": "",
            "action_token_generated_by_admin_lifespan": "12h0m0s",
            "action_token_generated_by_user_lifespan": "5m0s",
            "admin_theme": "",
            "attributes": {},
            "browser_flow": "browser",
            "client_authentication_flow": "clients",
            "client_session_idle_timeout": "0s",
            "client_session_max_lifespan": "0s",
            "default_default_client_scopes": [],
            "default_optional_client_scopes": [],
            "default_signature_algorithm": "RS256",
            "direct_grant_flow": "direct grant",
            "display_name": "Bambi",
            "display_name_html": "",
            "docker_authentication_flow": "docker auth",
            "duplicate_emails_allowed": false,
            "edit_username_allowed": false,
            "email_theme": "",
            "enabled": true,
            "first_broker_login_flow": "first broker login",
            "id": "bambi",
            "internal_id": "bambi",
            "internationalization": [
              {
                "default_locale": "es",
                "supported_locales": [
                  "ca",
                  "en",
                  "es",
                  "fr"
                ]
              }
            ],
            "login_theme": "",
            "login_with_email_allowed": false,
            "oauth2_device_code_lifespan": "10m0s",
            "oauth2_device_polling_interval": 5,
            "offline_session_idle_timeout": "720h0m0s",
            "offline_session_max_lifespan": "8760h0m0s",
            "offline_session_max_lifespan_enabled": true,
            "organizations_enabled": false,
            "otp_policy": [
              {
                "algorithm": "HmacSHA1",
                "digits": 6,
                "initial_counter": 0,
                "look_ahead_window": 1,
                "period": 30,
                "type": "totp"
              }
            ],
            "password_policy": "length(12) and digits(1) and upperCase(1) and lowerCase(1) and specialChars(1) and notUsername",
            "realm": "bambi",
            "refresh_token_max_reuse": 0,
            "registration_allowed": true,
            "registration_email_as_username": false,
            "registration_flow": "registration",
            "remember_me": true,
            "reset_credentials_flow": "reset credentials",
            "reset_password_allowed": true,
            "revoke_refresh_token": true,
            "security_defenses": [
              {
                "brute_force_detection": [
                  {
                    "failure_reset_time_seconds": 43200,
                    "max_failure_wait_seconds": 900,
                    "max_login_failures": 5,
                    "minimum_quick_login_wait_seconds": 60,
                    "permanent_lockout": false,
                    "quick_login_check_milli_seconds": 1000,
                    "wait_increment_seconds": 60
                  }
                ],
                "headers": []
              }
            ],
            "smtp_server": [],
            "ssl_required": "external",
            "sso_session_idle_timeout": "720h0m0s",
            "sso_session_idle_timeout_remember_me": "0s",
            "sso_session_max_lifespan": "720h0m0s",
            "sso_session_max_lifespan_remember_me": "0s",
            "user_managed_access": false,
            "verify_email": false,
            "web_authn_passwordless_policy": [
              {
                "acceptable_aaguids": [],
                "attestation_conveyance_preference": "not specified",
                "authenticator_attachment": "not specified",
                "avoid_same_authenticator_register": false,
                "create_timeout": 0,
                "extra_origins": [],
                "relying_party_entity_name": "keycloak",
                "relying_party_id": "",
                "require_resident_key": "not specified",
                "signature_algorithms": [
                  "ES256",
                  "RS256"
                ],
                "user_verification_requirement": "not specified"
              }
            ],
            "web_authn_policy": [
              {
                "acceptable_aaguids": [],
                "attestation_conveyance_preference": "not specified",
                "authenticator_attachment": "not specified",
                "avoid_same_authenticator_register": false,
                "create_timeout": 0,
                "extra_origins": [],
                "relying_party_entity_name": "keycloak",
                "relying_party_id": "",
                "require_resident_key": "not specified",
                "signature_algorithms": [
                  "ES256",
                  "RS256"
                ],
                "user_verification_requirement": "not specified"
              }
            ]
          },
          "sensitive_attributes": [],
          "identity_schema_version": 0,
          "private": "bnVsbA=="
        }
      ]
    },
    {
      "module": "module.bambi.module.e-bambi",
      "mode": "managed",
      "type": "keycloak_openid_client",
      "name": "e_bambi",
      "provider": "provider[\"registry.terraform.io/keycloak/keycloak\"]",
      "instances": [
        {
          "schema_version": 0,
          "attributes": {
            "access_token_lifespan": "",
            "access_type": "CONFIDENTIAL",
            "admin_url": "",
            "allow_refresh_token_in_standard_token_exchange": "",
            "always_display_in_console": false,
            "authentication_flow_binding_overrides": [],
            "authorization": [],
            "backchannel_logout_revoke_offline_sessions": false,
            "backchannel_logout_session_required": true,
            "backchannel_logout_url": "",
            "base_url": "",
            "client_authenticator_type": "client-secret",
            "client_id": "e-bambi",
            "client_offline_session_idle_timeout": "",
            "client_offline_session_max_lifespan": "",
            "client_secret": "Mbg731Ay3HQBVfnGUERHLUAgiMNkLNde",
            "client_secret_regenerate_when_changed": null,
            "client_secret_wo": null,
            "client_secret_wo_version": null,
            "client_session_idle_timeout": "",
            "client_session_max_lifespan": "",
            "consent_required": false,
            "consent_screen_text": "",
            "description": "",
            "direct_access_grants_enabled": false,
            "display_on_consent_screen": false,
            "enabled": true,
            "exclude_issuer_from_auth_response": null,
            "exclude_session_state_from_auth_response": null,
            "extra_config": {},
            "frontchannel_logout_enabled": true,
            "frontchannel_logout_url": "",
            "full_scope_allowed": true,
            "id": "8a3a116a-1502-47bf-848f-32c132fa82a5",
            "implicit_flow_enabled": false,
            "import": false,
            "login_theme": "keywind",
            "name": "e-bambi",
            "oauth2_device_authorization_grant_enabled": false,
            "oauth2_device_code_lifespan": "",
            "oauth2_device_polling_interval": "",
            "pkce_code_challenge_method": null,
            "realm_id": "bambi",
            "resource_server_id": null,
            "root_url": "",
            "service_account_user_id": "",
            "service_accounts_enabled": false,
            "standard_flow_enabled": true,
            "standard_token_exchange_enabled": false,
            "use_refresh_tokens": true,
            "use_refresh_tokens_client_credentials": false,
            "valid_post_logout_redirect_uris": [],
            "valid_redirect_uris": [
              "http://inventory.ebambi.com/*",
              "http://localhost/*",
              "http://order.ebambi.com/*",
              "http://payment.ebambi.com/*"
            ],
            "web_origins": [
              "*"
            ]
          },
          "sensitive_attributes": [
            [
              {
                "type": "get_attr",
                "value": "client_secret"
              }
            ],
            [
              {
                "type": "get_attr",
                "value": "client_secret_wo"
              }
            ]
          ],
          "identity_schema_version": 0,
          "private": "bnVsbA==",
          "dependencies": [
            "module.bambi.module.bambi_realm.keycloak_realm.this"
          ]
        }
      ]
    },
    {
      "module": "module.bambi.module.e-bambi",
      "mode": "managed",
      "type": "keycloak_openid_client_default_scopes",
      "name": "client_default_scopes",
      "provider": "provider[\"registry.terraform.io/keycloak/keycloak\"]",
      "instances": [
        {
          "schema_version": 0,
          "attributes": {
            "client_id": "8a3a116a-1502-47bf-848f-32c132fa82a5",
            "default_scopes": [
              "acr",
              "basic",
              "email",
              "profile",
              "roles"
            ],
            "id": "bambi/8a3a116a-1502-47bf-848f-32c132fa82a5",
            "realm_id": "bambi"
          },
          "sensitive_attributes": [],
          "identity_schema_version": 0,
          "private": "bnVsbA==",
          "dependencies": [
            "module.bambi.module.bambi_realm.keycloak_realm.this",
            "module.bambi.module.e-bambi.keycloak_openid_client.e_bambi"
          ]
        }
      ]
    }
  ],
  "check_results": null
}
